
Microsoft Visual Studio Solution File, Format Version 12.00
# Visual Studio Version 16
VisualStudioVersion = 16.0.30611.23
MinimumVisualStudioVersion = 10.0.40219.1
Project("{9A19103F-16F7-4668-BE54-9A1E7A4F7556}") = "MyTunes-app.api", "MyTunes-app.api\MyTunes-app.api.csproj", "{F8ABC7CA-A1AF-41AD-B8C8-E070648807CA}"
EndProject
Project("{9A19103F-16F7-4668-BE54-9A1E7A4F7556}") = "MyTunes-app.Core", "MyTunes-app.Core\MyTunes-app.Core.csproj", "{0B2EDD12-6919-4DC3-8397-B04188827829}"
EndProject
Project("{9A19103F-16F7-4668-BE54-9A1E7A4F7556}") = "MyTunes_APP.Infraestructure", "MyTunes_APP.Infraestructure\MyTunes_APP.Infraestructure.csproj", "{C2DC17B3-00B2-454A-A0F3-270D37E812B5}"
EndProject
Global
	GlobalSection(SolutionConfigurationPlatforms) = preSolution
		Debug|Any CPU = Debug|Any CPU
		Release|Any CPU = Release|Any CPU
	EndGlobalSection
	GlobalSection(ProjectConfigurationPlatforms) = postSolution
		{F8ABC7CA-A1AF-41AD-B8C8-E070648807CA}.Debug|Any CPU.ActiveCfg = Debug|Any CPU
		{F8ABC7CA-A1AF-41AD-B8C8-E070648807CA}.Debug|Any CPU.Build.0 = Debug|Any CPU
		{F8ABC7CA-A1AF-41AD-B8C8-E070648807CA}.Release|Any CPU.ActiveCfg = Release|Any CPU
		{F8ABC7CA-A1AF-41AD-B8C8-E070648807CA}.Release|Any CPU.Build.0 = Release|Any CPU
		{0B2EDD12-6919-4DC3-8397-B04188827829}.Debug|Any CPU.ActiveCfg = Debug|Any CPU
		{0B2EDD12-6919-4DC3-8397-B04188827829}.Debug|Any CPU.Build.0 = Debug|Any CPU
		{0B2EDD12-6919-4DC3-8397-B04188827829}.Release|Any CPU.ActiveCfg = Release|Any CPU
		{0B2EDD12-6919-4DC3-8397-B04188827829}.Release|Any CPU.Build.0 = Release|Any CPU
		{C2DC17B3-00B2-454A-A0F3-270D37E812B5}.Debug|Any CPU.ActiveCfg = Debug|Any CPU
		{C2DC17B3-00B2-454A-A0F3-270D37E812B5}.Debug|Any CPU.Build.0 = Debug|Any CPU
		{C2DC17B3-00B2-454A-A0F3-270D37E812B5}.Release|Any CPU.ActiveCfg = Release|Any CPU
		{C2DC17B3-00B2-454A-A0F3-270D37E812B5}.Release|Any CPU.Build.0 = Release|Any CPU
	EndGlobalSection
	GlobalSection(SolutionProperties) = preSolution
		HideSolutionNode = FALSE
	EndGlobalSection
	GlobalSection(ExtensibilityGlobals) = postSolution
		SolutionGuid = {4E304205-B298-41A8-BEF1-F824C5C184EA}
	EndGlobalSection
EndGlobal
